
Microsoft Visual Studio Solution File, Format Version 12.00
# Visual Studio Version 17
VisualStudioVersion = 17.8.34309.116
MinimumVisualStudioVersion = 10.0.40219.1
Project("{FAE04EC0-301F-11D3-BF4B-00C04F79EFBC}") = "TopazTest", "TopazTest\TopazTest.csproj", "{3E460CD2-BEE0-4708-AD0A-F34D6DC28154}"
EndProject
Global
	GlobalSection(SolutionConfigurationPlatforms) = preSolution
		Debug|Any CPU = Debug|Any CPU
		Release|Any CPU = Release|Any CPU
	EndGlobalSection
	GlobalSection(ProjectConfigurationPlatforms) = postSolution
		{3E460CD2-BEE0-4708-AD0A-F34D6DC28154}.Debug|Any CPU.ActiveCfg = Debug|Any CPU
		{3E460CD2-BEE0-4708-AD0A-F34D6DC28154}.Debug|Any CPU.Build.0 = Debug|Any CPU
		{3E460CD2-BEE0-4708-AD0A-F34D6DC28154}.Release|Any CPU.ActiveCfg = Release|Any CPU
		{3E460CD2-BEE0-4708-AD0A-F34D6DC28154}.Release|Any CPU.Build.0 = Release|Any CPU
	EndGlobalSection
	GlobalSection(SolutionProperties) = preSolution
		HideSolutionNode = FALSE
	EndGlobalSection
	GlobalSection(ExtensibilityGlobals) = postSolution
		SolutionGuid = {77DA1836-908D-4D94-A1FA-117D1589F306}
	EndGlobalSection
EndGlobal
